
Microsoft Visual Studio Solution File, Format Version 11.00
# Visual Studio 2010
Project("{FAE04EC0-301F-11D3-BF4B-00C04F79EFBC}") = "TddKata", "TddKata\TddKata.csproj", "{46EBD8C1-B733-4BCE-9144-EAC94B1929A9}"
EndProject
Project("{FAE04EC0-301F-11D3-BF4B-00C04F79EFBC}") = "CalculatorLib", "CalculatorLib\CalculatorLib.csproj", "{4FE116E3-B3D2-4BE0-A5BD-E46F79665FDD}"
EndProject
Global
	GlobalSection(SolutionConfigurationPlatforms) = preSolution
		Debug|Any CPU = Debug|Any CPU
		Release|Any CPU = Release|Any CPU
	EndGlobalSection
	GlobalSection(ProjectConfigurationPlatforms) = postSolution
		{46EBD8C1-B733-4BCE-9144-EAC94B1929A9}.Debug|Any CPU.ActiveCfg = Debug|Any CPU
		{46EBD8C1-B733-4BCE-9144-EAC94B1929A9}.Debug|Any CPU.Build.0 = Debug|Any CPU
		{46EBD8C1-B733-4BCE-9144-EAC94B1929A9}.Release|Any CPU.ActiveCfg = Release|Any CPU
		{46EBD8C1-B733-4BCE-9144-EAC94B1929A9}.Release|Any CPU.Build.0 = Release|Any CPU
		{4FE116E3-B3D2-4BE0-A5BD-E46F79665FDD}.Debug|Any CPU.ActiveCfg = Debug|Any CPU
		{4FE116E3-B3D2-4BE0-A5BD-E46F79665FDD}.Debug|Any CPU.Build.0 = Debug|Any CPU
		{4FE116E3-B3D2-4BE0-A5BD-E46F79665FDD}.Release|Any CPU.ActiveCfg = Release|Any CPU
		{4FE116E3-B3D2-4BE0-A5BD-E46F79665FDD}.Release|Any CPU.Build.0 = Release|Any CPU
	EndGlobalSection
	GlobalSection(SolutionProperties) = preSolution
		HideSolutionNode = FALSE
	EndGlobalSection
EndGlobal
